
Microsoft Visual Studio Solution File, Format Version 12.00
# Visual Studio Version 16
VisualStudioVersion = 16.0.30711.63
MinimumVisualStudioVersion = 10.0.40219.1
Project("{FAE04EC0-301F-11D3-BF4B-00C04F79EFBC}") = "ConsoleCalc", "ConsoleCalc.csproj", "{2631A541-4FD9-4C02-A251-F5FEE6C94659}"
EndProject
Global
	GlobalSection(SolutionConfigurationPlatforms) = preSolution
		Debug|Any CPU = Debug|Any CPU
		Release|Any CPU = Release|Any CPU
	EndGlobalSection
	GlobalSection(ProjectConfigurationPlatforms) = postSolution
		{2631A541-4FD9-4C02-A251-F5FEE6C94659}.Debug|Any CPU.ActiveCfg = Debug|Any CPU
		{2631A541-4FD9-4C02-A251-F5FEE6C94659}.Debug|Any CPU.Build.0 = Debug|Any CPU
		{2631A541-4FD9-4C02-A251-F5FEE6C94659}.Release|Any CPU.ActiveCfg = Release|Any CPU
		{2631A541-4FD9-4C02-A251-F5FEE6C94659}.Release|Any CPU.Build.0 = Release|Any CPU
	EndGlobalSection
	GlobalSection(SolutionProperties) = preSolution
		HideSolutionNode = FALSE
	EndGlobalSection
	GlobalSection(ExtensibilityGlobals) = postSolution
		SolutionGuid = {E271DD0A-ACFF-4E07-B0A1-7B074FA389FB}
	EndGlobalSection
EndGlobal
