
Microsoft Visual Studio Solution File, Format Version 12.00
# Visual Studio Version 16
VisualStudioVersion = 16.0.30611.23
MinimumVisualStudioVersion = 10.0.40219.1
Project("{FAE04EC0-301F-11D3-BF4B-00C04F79EFBC}") = "Classes_2019", "Classes_2019.csproj", "{A5282BE3-7EDE-4590-96A6-CFFBA09434E2}"
EndProject
Global
	GlobalSection(SolutionConfigurationPlatforms) = preSolution
		Debug|Any CPU = Debug|Any CPU
		Release|Any CPU = Release|Any CPU
	EndGlobalSection
	GlobalSection(ProjectConfigurationPlatforms) = postSolution
		{A5282BE3-7EDE-4590-96A6-CFFBA09434E2}.Debug|Any CPU.ActiveCfg = Debug|Any CPU
		{A5282BE3-7EDE-4590-96A6-CFFBA09434E2}.Debug|Any CPU.Build.0 = Debug|Any CPU
		{A5282BE3-7EDE-4590-96A6-CFFBA09434E2}.Release|Any CPU.ActiveCfg = Release|Any CPU
		{A5282BE3-7EDE-4590-96A6-CFFBA09434E2}.Release|Any CPU.Build.0 = Release|Any CPU
	EndGlobalSection
	GlobalSection(SolutionProperties) = preSolution
		HideSolutionNode = FALSE
	EndGlobalSection
	GlobalSection(ExtensibilityGlobals) = postSolution
		SolutionGuid = {43BA44DF-386F-4F66-AAEB-3295C276D184}
	EndGlobalSection
EndGlobal
